
Microsoft Visual Studio Solution File, Format Version 12.00
# Visual Studio 15
VisualStudioVersion = 15.0.28307.136
MinimumVisualStudioVersion = 10.0.40219.1
Project("{FAE04EC0-301F-11D3-BF4B-00C04F79EFBC}") = "UI", "UI\UI.csproj", "{863A4144-26D8-4D75-9F2D-10A32D230E91}"
EndProject
Global
	GlobalSection(SolutionConfigurationPlatforms) = preSolution
		Debug|Any CPU = Debug|Any CPU
		Release|Any CPU = Release|Any CPU
	EndGlobalSection
	GlobalSection(ProjectConfigurationPlatforms) = postSolution
		{863A4144-26D8-4D75-9F2D-10A32D230E91}.Debug|Any CPU.ActiveCfg = Debug|Any CPU
		{863A4144-26D8-4D75-9F2D-10A32D230E91}.Debug|Any CPU.Build.0 = Debug|Any CPU
		{863A4144-26D8-4D75-9F2D-10A32D230E91}.Release|Any CPU.ActiveCfg = Release|Any CPU
		{863A4144-26D8-4D75-9F2D-10A32D230E91}.Release|Any CPU.Build.0 = Release|Any CPU
	EndGlobalSection
	GlobalSection(SolutionProperties) = preSolution
		HideSolutionNode = FALSE
	EndGlobalSection
	GlobalSection(ExtensibilityGlobals) = postSolution
		SolutionGuid = {C7FEE743-2A83-4997-B3CD-60D9B25A28E5}
	EndGlobalSection
EndGlobal
